// !$*UTF8*$!
{
	archiveVersion = 1;
	classes = {
	};
	objectVersion = 56;
	objects = {

/* Begin PBXBuildFile section */
		991AABB42A48140200C95E82 /* Sad rain img.jpeg in Resources */ = {isa = PBXBuildFile; fileRef = 991AABB32A48140100C95E82 /* Sad rain img.jpeg */; };
		99E2FBEB2A46C9F800A7960B /* Compliment.swift in Sources */ = {isa = PBXBuildFile; fileRef = 99E2FBEA2A46C9F800A7960B /* Compliment.swift */; };
		99E2FBED2A46CD9900A7960B /* ComplimentsView.swift in Sources */ = {isa = PBXBuildFile; fileRef = 99E2FBEC2A46CD9900A7960B /* ComplimentsView.swift */; };
		99E2FBEF2A46CDB600A7960B /* PetView.swift in Sources */ = {isa = PBXBuildFile; fileRef = 99E2FBEE2A46CDB600A7960B /* PetView.swift */; };
		99E2FBF12A46CDF100A7960B /* ComplimentView.swift in Sources */ = {isa = PBXBuildFile; fileRef = 99E2FBF02A46CDF100A7960B /* ComplimentView.swift */; };
		D16E97A92A46A2FD000D8403 /* Quirky_Compliments_Make_Me_Happy___App.swift in Sources */ = {isa = PBXBuildFile; fileRef = D16E97A82A46A2FD000D8403 /* Quirky_Compliments_Make_Me_Happy___App.swift */; };
		D16E97AB2A46A2FD000D8403 /* ContentView.swift in Sources */ = {isa = PBXBuildFile; fileRef = D16E97AA2A46A2FD000D8403 /* ContentView.swift */; };
		D16E97AD2A46A2FE000D8403 /* Assets.xcassets in Resources */ = {isa = PBXBuildFile; fileRef = D16E97AC2A46A2FE000D8403 /* Assets.xcassets */; };
		D16E97B02A46A2FE000D8403 /* Preview Assets.xcassets in Resources */ = {isa = PBXBuildFile; fileRef = D16E97AF2A46A2FE000D8403 /* Preview Assets.xcassets */; };
		D16E97BA2A46A2FE000D8403 /* Quirky_Compliments_Make_Me_Happy___Tests.swift in Sources */ = {isa = PBXBuildFile; fileRef = D16E97B92A46A2FE000D8403 /* Quirky_Compliments_Make_Me_Happy___Tests.swift */; };
		D16E97C42A46A2FE000D8403 /* Quirky_Compliments_Make_Me_Happy___UITests.swift in Sources */ = {isa = PBXBuildFile; fileRef = D16E97C32A46A2FE000D8403 /* Quirky_Compliments_Make_Me_Happy___UITests.swift */; };
		D16E97C62A46A2FE000D8403 /* Quirky_Compliments_Make_Me_Happy___UITestsLaunchTests.swift in Sources */ = {isa = PBXBuildFile; fileRef = D16E97C52A46A2FE000D8403 /* Quirky_Compliments_Make_Me_Happy___UITestsLaunchTests.swift */; };
/* End PBXBuildFile section */

/* Begin PBXContainerItemProxy section */
		D16E97B62A46A2FE000D8403 /* PBXContainerItemProxy */ = {
			isa = PBXContainerItemProxy;
			containerPortal = D16E979D2A46A2FD000D8403 /* Project object */;
			proxyType = 1;
			remoteGlobalIDString = D16E97A42A46A2FD000D8403;
			remoteInfo = "Quirky Compliments Make Me Happy!!!";
		};
		D16E97C02A46A2FE000D8403 /* PBXContainerItemProxy */ = {
			isa = PBXContainerItemProxy;
			containerPortal = D16E979D2A46A2FD000D8403 /* Project object */;
			proxyType = 1;
			remoteGlobalIDString = D16E97A42A46A2FD000D8403;
			remoteInfo = "Quirky Compliments Make Me Happy!!!";
		};
/* End PBXContainerItemProxy section */

/* Begin PBXFileReference section */
		991AABB32A48140100C95E82 /* Sad rain img.jpeg */ = {isa = PBXFileReference; lastKnownFileType = image.jpeg; path = "Sad rain img.jpeg"; sourceTree = "<group>"; };
		99E2FBEA2A46C9F800A7960B /* Compliment.swift */ = {isa = PBXFileReference; lastKnownFileType = sourcecode.swift; path = Compliment.swift; sourceTree = "<group>"; };
		99E2FBEC2A46CD9900A7960B /* ComplimentsView.swift */ = {isa = PBXFileReference; lastKnownFileType = sourcecode.swift; path = ComplimentsView.swift; sourceTree = "<group>"; };
		99E2FBEE2A46CDB600A7960B /* PetView.swift */ = {isa = PBXFileReference; lastKnownFileType = sourcecode.swift; path = PetView.swift; sourceTree = "<group>"; };
		99E2FBF02A46CDF100A7960B /* ComplimentView.swift */ = {isa = PBXFileReference; lastKnownFileType = sourcecode.swift; path = ComplimentView.swift; sourceTree = "<group>"; };
		D16E97A52A46A2FD000D8403 /* Quirky Compliments Make Me Happy!!!.app */ = {isa = PBXFileReference; explicitFileType = wrapper.application; includeInIndex = 0; path = "Quirky Compliments Make Me Happy!!!.app"; sourceTree = BUILT_PRODUCTS_DIR; };
		D16E97A82A46A2FD000D8403 /* Quirky_Compliments_Make_Me_Happy___App.swift */ = {isa = PBXFileReference; lastKnownFileType = sourcecode.swift; path = "Quirky_Compliments_Make_Me_Happy___App.swift"; sourceTree = "<group>"; };
		D16E97AA2A46A2FD000D8403 /* ContentView.swift */ = {isa = PBXFileReference; lastKnownFileType = sourcecode.swift; path = ContentView.swift; sourceTree = "<group>"; };
		D16E97AC2A46A2FE000D8403 /* Assets.xcassets */ = {isa = PBXFileReference; lastKnownFileType = folder.assetcatalog; path = Assets.xcassets; sourceTree = "<group>"; };
		D16E97AF2A46A2FE000D8403 /* Preview Assets.xcassets */ = {isa = PBXFileReference; lastKnownFileType = folder.assetcatalog; path = "Preview Assets.xcassets"; sourceTree = "<group>"; };
		D16E97B52A46A2FE000D8403 /* Quirky Compliments Make Me Happy!!!Tests.xctest */ = {isa = PBXFileReference; explicitFileType = wrapper.cfbundle; includeInIndex = 0; path = "Quirky Compliments Make Me Happy!!!Tests.xctest"; sourceTree = BUILT_PRODUCTS_DIR; };
		D16E97B92A46A2FE000D8403 /* Quirky_Compliments_Make_Me_Happy___Tests.swift */ = {isa = PBXFileReference; lastKnownFileType = sourcecode.swift; path = "Quirky_Compliments_Make_Me_Happy___Tests.swift"; sourceTree = "<group>"; };
		D16E97BF2A46A2FE000D8403 /* Quirky Compliments Make Me Happy!!!UITests.xctest */ = {isa = PBXFileReference; explicitFileType = wrapper.cfbundle; includeInIndex = 0; path = "Quirky Compliments Make Me Happy!!!UITests.xctest"; sourceTree = BUILT_PRODUCTS_DIR; };
		D16E97C32A46A2FE000D8403 /* Quirky_Compliments_Make_Me_Happy___UITests.swift */ = {isa = PBXFileReference; lastKnownFileType = sourcecode.swift; path = "Quirky_Compliments_Make_Me_Happy___UITests.swift"; sourceTree = "<group>"; };
		D16E97C52A46A2FE000D8403 /* Quirky_Compliments_Make_Me_Happy___UITestsLaunchTests.swift */ = {isa = PBXFileReference; lastKnownFileType = sourcecode.swift; path = "Quirky_Compliments_Make_Me_Happy___UITestsLaunchTests.swift"; sourceTree = "<group>"; };
/* End PBXFileReference section */

/* Begin PBXFrameworksBuildPhase section */
		D16E97A22A46A2FD000D8403 /* Frameworks */ = {
			isa = PBXFrameworksBuildPhase;
			buildActionMask = 2147483647;
			files = (
			);
			runOnlyForDeploymentPostprocessing = 0;
		};
		D16E97B22A46A2FE000D8403 /* Frameworks */ = {
			isa = PBXFrameworksBuildPhase;
			buildActionMask = 2147483647;
			files = (
			);
			runOnlyForDeploymentPostprocessing = 0;
		};
		D16E97BC2A46A2FE000D8403 /* Frameworks */ = {
			isa = PBXFrameworksBuildPhase;
			buildActionMask = 2147483647;
			files = (
			);
			runOnlyForDeploymentPostprocessing = 0;
		};
/* End PBXFrameworksBuildPhase section */

/* Begin PBXGroup section */
		D16E979C2A46A2FD000D8403 = {
			isa = PBXGroup;
			children = (
				99E2FBEC2A46CD9900A7960B /* ComplimentsView.swift */,
				99E2FBEE2A46CDB600A7960B /* PetView.swift */,
				99E2FBEA2A46C9F800A7960B /* Compliment.swift */,
				99E2FBF02A46CDF100A7960B /* ComplimentView.swift */,
				D16E97A72A46A2FD000D8403 /* Quirky Compliments Make Me Happy!!! */,
				D16E97B82A46A2FE000D8403 /* Quirky Compliments Make Me Happy!!!Tests */,
				D16E97C22A46A2FE000D8403 /* Quirky Compliments Make Me Happy!!!UITests */,
				D16E97A62A46A2FD000D8403 /* Products */,
			);
			sourceTree = "<group>";
		};
		D16E97A62A46A2FD000D8403 /* Products */ = {
			isa = PBXGroup;
			children = (
				D16E97A52A46A2FD000D8403 /* Quirky Compliments Make Me Happy!!!.app */,
				D16E97B52A46A2FE000D8403 /* Quirky Compliments Make Me Happy!!!Tests.xctest */,
				D16E97BF2A46A2FE000D8403 /* Quirky Compliments Make Me Happy!!!UITests.xctest */,
			);
			name = Products;
			sourceTree = "<group>";
		};
		D16E97A72A46A2FD000D8403 /* Quirky Compliments Make Me Happy!!! */ = {
			isa = PBXGroup;
			children = (
				D16E97A82A46A2FD000D8403 /* Quirky_Compliments_Make_Me_Happy___App.swift */,
				D16E97AA2A46A2FD000D8403 /* ContentView.swift */,
				991AABB32A48140100C95E82 /* Sad rain img.jpeg */,
				D16E97AC2A46A2FE000D8403 /* Assets.xcassets */,
				D16E97AE2A46A2FE000D8403 /* Preview Content */,
			);
			path = "Quirky Compliments Make Me Happy!!!";
			sourceTree = "<group>";
		};
		D16E97AE2A46A2FE000D8403 /* Preview Content */ = {
			isa = PBXGroup;
			children = (
				D16E97AF2A46A2FE000D8403 /* Preview Assets.xcassets */,
			);
			path = "Preview Content";
			sourceTree = "<group>";
		};
		D16E97B82A46A2FE000D8403 /* Quirky Compliments Make Me Happy!!!Tests */ = {
			isa = PBXGroup;
			children = (
				D16E97B92A46A2FE000D8403 /* Quirky_Compliments_Make_Me_Happy___Tests.swift */,
			);
			path = "Quirky Compliments Make Me Happy!!!Tests";
			sourceTree = "<group>";
		};
		D16E97C22A46A2FE000D8403 /* Quirky Compliments Make Me Happy!!!UITests */ = {
			isa = PBXGroup;
			children = (
				D16E97C32A46A2FE000D8403 /* Quirky_Compliments_Make_Me_Happy___UITests.swift */,
				D16E97C52A46A2FE000D8403 /* Quirky_Compliments_Make_Me_Happy___UITestsLaunchTests.swift */,
			);
			path = "Quirky Compliments Make Me Happy!!!UITests";
			sourceTree = "<group>";
		};
/* End PBXGroup section */

/* Begin PBXNativeTarget section */
		D16E97A42A46A2FD000D8403 /* Quirky Compliments Make Me Happy!!! */ = {
			isa = PBXNativeTarget;
			buildConfigurationList = D16E97C92A46A2FE000D8403 /* Build configuration list for PBXNativeTarget "Quirky Compliments Make Me Happy!!!" */;
			buildPhases = (
				D16E97A12A46A2FD000D8403 /* Sources */,
				D16E97A22A46A2FD000D8403 /* Frameworks */,
				D16E97A32A46A2FD000D8403 /* Resources */,
			);
			buildRules = (
			);
			dependencies = (
			);
			name = "Quirky Compliments Make Me Happy!!!";
			productName = "Quirky Compliments Make Me Happy!!!";
			productReference = D16E97A52A46A2FD000D8403 /* Quirky Compliments Make Me Happy!!!.app */;
			productType = "com.apple.product-type.application";
		};
		D16E97B42A46A2FE000D8403 /* Quirky Compliments Make Me Happy!!!Tests */ = {
			isa = PBXNativeTarget;
			buildConfigurationList = D16E97CC2A46A2FE000D8403 /* Build configuration list for PBXNativeTarget "Quirky Compliments Make Me Happy!!!Tests" */;
			buildPhases = (
				D16E97B12A46A2FE000D8403 /* Sources */,
				D16E97B22A46A2FE000D8403 /* Frameworks */,
				D16E97B32A46A2FE000D8403 /* Resources */,
			);
			buildRules = (
			);
			dependencies = (
				D16E97B72A46A2FE000D8403 /* PBXTargetDependency */,
			);
			name = "Quirky Compliments Make Me Happy!!!Tests";
			productName = "Quirky Compliments Make Me Happy!!!Tests";
			productReference = D16E97B52A46A2FE000D8403 /* Quirky Compliments Make Me Happy!!!Tests.xctest */;
			productType = "com.apple.product-type.bundle.unit-test";
		};
		D16E97BE2A46A2FE000D8403 /* Quirky Compliments Make Me Happy!!!UITests */ = {
			isa = PBXNativeTarget;
			buildConfigurationList = D16E97CF2A46A2FE000D8403 /* Build configuration list for PBXNativeTarget "Quirky Compliments Make Me Happy!!!UITests" */;
			buildPhases = (
				D16E97BB2A46A2FE000D8403 /* Sources */,
				D16E97BC2A46A2FE000D8403 /* Frameworks */,
				D16E97BD2A46A2FE000D8403 /* Resources */,
			);
			buildRules = (
			);
			dependencies = (
				D16E97C12A46A2FE000D8403 /* PBXTargetDependency */,
			);
			name = "Quirky Compliments Make Me Happy!!!UITests";
			productName = "Quirky Compliments Make Me Happy!!!UITests";
			productReference = D16E97BF2A46A2FE000D8403 /* Quirky Compliments Make Me Happy!!!UITests.xctest */;
			productType = "com.apple.product-type.bundle.ui-testing";
		};
/* End PBXNativeTarget section */

/* Begin PBXProject section */
		D16E979D2A46A2FD000D8403 /* Project object */ = {
			isa = PBXProject;
			attributes = {
				BuildIndependentTargetsInParallel = 1;
				LastSwiftUpdateCheck = 1420;
				LastUpgradeCheck = 1420;
				TargetAttributes = {
					D16E97A42A46A2FD000D8403 = {
						CreatedOnToolsVersion = 14.2;
					};
					D16E97B42A46A2FE000D8403 = {
						CreatedOnToolsVersion = 14.2;
						TestTargetID = D16E97A42A46A2FD000D8403;
					};
					D16E97BE2A46A2FE000D8403 = {
						CreatedOnToolsVersion = 14.2;
						TestTargetID = D16E97A42A46A2FD000D8403;
					};
				};
			};
			buildConfigurationList = D16E97A02A46A2FD000D8403 /* Build configuration list for PBXProject "Quirky Compliments Make Me Happy!!!" */;
			compatibilityVersion = "Xcode 14.0";
			developmentRegion = en;
			hasScannedForEncodings = 0;
			knownRegions = (
				en,
				Base,
			);
			mainGroup = D16E979C2A46A2FD000D8403;
			productRefGroup = D16E97A62A46A2FD000D8403 /* Products */;
			projectDirPath = "";
			projectRoot = "";
			targets = (
				D16E97A42A46A2FD000D8403 /* Quirky Compliments Make Me Happy!!! */,
				D16E97B42A46A2FE000D8403 /* Quirky Compliments Make Me Happy!!!Tests */,
				D16E97BE2A46A2FE000D8403 /* Quirky Compliments Make Me Happy!!!UITests */,
			);
		};
/* End PBXProject section */

/* Begin PBXResourcesBuildPhase section */
		D16E97A32A46A2FD000D8403 /* Resources */ = {
			isa = PBXResourcesBuildPhase;
			buildActionMask = 2147483647;
			files = (
				991AABB42A48140200C95E82 /* Sad rain img.jpeg in Resources */,
				D16E97B02A46A2FE000D8403 /* Preview Assets.xcassets in Resources */,
				D16E97AD2A46A2FE000D8403 /* Assets.xcassets in Resources */,
			);
			runOnlyForDeploymentPostprocessing = 0;
		};
		D16E97B32A46A2FE000D8403 /* Resources */ = {
			isa = PBXResourcesBuildPhase;
			buildActionMask = 2147483647;
			files = (
			);
			runOnlyForDeploymentPostprocessing = 0;
		};
		D16E97BD2A46A2FE000D8403 /* Resources */ = {
			isa = PBXResourcesBuildPhase;
			buildActionMask = 2147483647;
			files = (
			);
			runOnlyForDeploymentPostprocessing = 0;
		};
/* End PBXResourcesBuildPhase section */

/* Begin PBXSourcesBuildPhase section */
		D16E97A12A46A2FD000D8403 /* Sources */ = {
			isa = PBXSourcesBuildPhase;
			buildActionMask = 2147483647;
			files = (
				D16E97AB2A46A2FD000D8403 /* ContentView.swift in Sources */,
				D16E97A92A46A2FD000D8403 /* Quirky_Compliments_Make_Me_Happy___App.swift in Sources */,
				99E2FBF12A46CDF100A7960B /* ComplimentView.swift in Sources */,
				99E2FBED2A46CD9900A7960B /* ComplimentsView.swift in Sources */,
				99E2FBEB2A46C9F800A7960B /* Compliment.swift in Sources */,
				99E2FBEF2A46CDB600A7960B /* PetView.swift in Sources */,
			);
			runOnlyForDeploymentPostprocessing = 0;
		};
		D16E97B12A46A2FE000D8403 /* Sources */ = {
			isa = PBXSourcesBuildPhase;
			buildActionMask = 2147483647;
			files = (
				D16E97BA2A46A2FE000D8403 /* Quirky_Compliments_Make_Me_Happy___Tests.swift in Sources */,
			);
			runOnlyForDeploymentPostprocessing = 0;
		};
		D16E97BB2A46A2FE000D8403 /* Sources */ = {
			isa = PBXSourcesBuildPhase;
			buildActionMask = 2147483647;
			files = (
				D16E97C62A46A2FE000D8403 /* Quirky_Compliments_Make_Me_Happy___UITestsLaunchTests.swift in Sources */,
				D16E97C42A46A2FE000D8403 /* Quirky_Compliments_Make_Me_Happy___UITests.swift in Sources */,
			);
			runOnlyForDeploymentPostprocessing = 0;
		};
/* End PBXSourcesBuildPhase section */

/* Begin PBXTargetDependency section */
		D16E97B72A46A2FE000D8403 /* PBXTargetDependency */ = {
			isa = PBXTargetDependency;
			target = D16E97A42A46A2FD000D8403 /* Quirky Compliments Make Me Happy!!! */;
			targetProxy = D16E97B62A46A2FE000D8403 /* PBXContainerItemProxy */;
		};
		D16E97C12A46A2FE000D8403 /* PBXTargetDependency */ = {
			isa = PBXTargetDependency;
			target = D16E97A42A46A2FD000D8403 /* Quirky Compliments Make Me Happy!!! */;
			targetProxy = D16E97C02A46A2FE000D8403 /* PBXContainerItemProxy */;
		};
/* End PBXTargetDependency section */

/* Begin XCBuildConfiguration section */
		D16E97C72A46A2FE000D8403 /* Debug */ = {
			isa = XCBuildConfiguration;
			buildSettings = {
				ALWAYS_SEARCH_USER_PATHS = NO;
				CLANG_ANALYZER_NONNULL = YES;
				CLANG_ANALYZER_NUMBER_OBJECT_CONVERSION = YES_AGGRESSIVE;
				CLANG_CXX_LANGUAGE_STANDARD = "gnu++20";
				CLANG_ENABLE_MODULES = YES;
				CLANG_ENABLE_OBJC_ARC = YES;
				CLANG_ENABLE_OBJC_WEAK = YES;
				CLANG_WARN_BLOCK_CAPTURE_AUTORELEASING = YES;
				CLANG_WARN_BOOL_CONVERSION = YES;
				CLANG_WARN_COMMA = YES;
				CLANG_WARN_CONSTANT_CONVERSION = YES;
				CLANG_WARN_DEPRECATED_OBJC_IMPLEMENTATIONS = YES;
				CLANG_WARN_DIRECT_OBJC_ISA_USAGE = YES_ERROR;
				CLANG_WARN_DOCUMENTATION_COMMENTS = YES;
				CLANG_WARN_EMPTY_BODY = YES;
				CLANG_WARN_ENUM_CONVERSION = YES;
				CLANG_WARN_INFINITE_RECURSION = YES;
				CLANG_WARN_INT_CONVERSION = YES;
				CLANG_WARN_NON_LITERAL_NULL_CONVERSION = YES;
				CLANG_WARN_OBJC_IMPLICIT_RETAIN_SELF = YES;
				CLANG_WARN_OBJC_LITERAL_CONVERSION = YES;
				CLANG_WARN_OBJC_ROOT_CLASS = YES_ERROR;
				CLANG_WARN_QUOTED_INCLUDE_IN_FRAMEWORK_HEADER = YES;
				CLANG_WARN_RANGE_LOOP_ANALYSIS = YES;
				CLANG_WARN_STRICT_PROTOTYPES = YES;
				CLANG_WARN_SUSPICIOUS_MOVE = YES;
				CLANG_WARN_UNGUARDED_AVAILABILITY = YES_AGGRESSIVE;
				CLANG_WARN_UNREACHABLE_CODE = YES;
				CLANG_WARN__DUPLICATE_METHOD_MATCH = YES;
				COPY_PHASE_STRIP = NO;
				DEBUG_INFORMATION_FORMAT = dwarf;
				ENABLE_STRICT_OBJC_MSGSEND = YES;
				ENABLE_TESTABILITY = YES;
				GCC_C_LANGUAGE_STANDARD = gnu11;
				GCC_DYNAMIC_NO_PIC = NO;
				GCC_NO_COMMON_BLOCKS = YES;
				GCC_OPTIMIZATION_LEVEL = 0;
				GCC_PREPROCESSOR_DEFINITIONS = (
					"DEBUG=1",
					"$(inherited)",
				);
				GCC_WARN_64_TO_32_BIT_CONVERSION = YES;
				GCC_WARN_ABOUT_RETURN_TYPE = YES_ERROR;
				GCC_WARN_UNDECLARED_SELECTOR = YES;
				GCC_WARN_UNINITIALIZED_AUTOS = YES_AGGRESSIVE;
				GCC_WARN_UNUSED_FUNCTION = YES;
				GCC_WARN_UNUSED_VARIABLE = YES;
				IPHONEOS_DEPLOYMENT_TARGET = 16.2;
				MTL_ENABLE_DEBUG_INFO = INCLUDE_SOURCE;
				MTL_FAST_MATH = YES;
				ONLY_ACTIVE_ARCH = YES;
				SDKROOT = iphoneos;
				SWIFT_ACTIVE_COMPILATION_CONDITIONS = DEBUG;
				SWIFT_OPTIMIZATION_LEVEL = "-Onone";
			};
			name = Debug;
		};
		D16E97C82A46A2FE000D8403 /* Release */ = {
			isa = XCBuildConfiguration;
			buildSettings = {
				ALWAYS_SEARCH_USER_PATHS = NO;
				CLANG_ANALYZER_NONNULL = YES;
				CLANG_ANALYZER_NUMBER_OBJECT_CONVERSION = YES_AGGRESSIVE;
				CLANG_CXX_LANGUAGE_STANDARD = "gnu++20";
				CLANG_ENABLE_MODULES = YES;
				CLANG_ENABLE_OBJC_ARC = YES;
				CLANG_ENABLE_OBJC_WEAK = YES;
				CLANG_WARN_BLOCK_CAPTURE_AUTORELEASING = YES;
				CLANG_WARN_BOOL_CONVERSION = YES;
				CLANG_WARN_COMMA = YES;
				CLANG_WARN_CONSTANT_CONVERSION = YES;
				CLANG_WARN_DEPRECATED_OBJC_IMPLEMENTATIONS = YES;
				CLANG_WARN_DIRECT_OBJC_ISA_USAGE = YES_ERROR;
				CLANG_WARN_DOCUMENTATION_COMMENTS = YES;
				CLANG_WARN_EMPTY_BODY = YES;
				CLANG_WARN_ENUM_CONVERSION = YES;
				CLANG_WARN_INFINITE_RECURSION = YES;
				CLANG_WARN_INT_CONVERSION = YES;
				CLANG_WARN_NON_LITERAL_NULL_CONVERSION = YES;
				CLANG_WARN_OBJC_IMPLICIT_RETAIN_SELF = YES;
				CLANG_WARN_OBJC_LITERAL_CONVERSION = YES;
				CLANG_WARN_OBJC_ROOT_CLASS = YES_ERROR;
				CLANG_WARN_QUOTED_INCLUDE_IN_FRAMEWORK_HEADER = YES;
				CLANG_WARN_RANGE_LOOP_ANALYSIS = YES;
				CLANG_WARN_STRICT_PROTOTYPES = YES;
				CLANG_WARN_SUSPICIOUS_MOVE = YES;
				CLANG_WARN_UNGUARDED_AVAILABILITY = YES_AGGRESSIVE;
				CLANG_WARN_UNREACHABLE_CODE = YES;
				CLANG_WARN__DUPLICATE_METHOD_MATCH = YES;
				COPY_PHASE_STRIP = NO;
				DEBUG_INFORMATION_FORMAT = "dwarf-with-dsym";
				ENABLE_NS_ASSERTIONS = NO;
				ENABLE_STRICT_OBJC_MSGSEND = YES;
				GCC_C_LANGUAGE_STANDARD = gnu11;
				GCC_NO_COMMON_BLOCKS = YES;
				GCC_WARN_64_TO_32_BIT_CONVERSION = YES;
				GCC_WARN_ABOUT_RETURN_TYPE = YES_ERROR;
				GCC_WARN_UNDECLARED_SELECTOR = YES;
				GCC_WARN_UNINITIALIZED_AUTOS = YES_AGGRESSIVE;
				GCC_WARN_UNUSED_FUNCTION = YES;
				GCC_WARN_UNUSED_VARIABLE = YES;
				IPHONEOS_DEPLOYMENT_TARGET = 16.2;
				MTL_ENABLE_DEBUG_INFO = NO;
				MTL_FAST_MATH = YES;
				SDKROOT = iphoneos;
				SWIFT_COMPILATION_MODE = wholemodule;
				SWIFT_OPTIMIZATION_LEVEL = "-O";
				VALIDATE_PRODUCT = YES;
			};
			name = Release;
		};
		D16E97CA2A46A2FE000D8403 /* Debug */ = {
			isa = XCBuildConfiguration;
			buildSettings = {
				ASSETCATALOG_COMPILER_APPICON_NAME = AppIcon;
				ASSETCATALOG_COMPILER_GLOBAL_ACCENT_COLOR_NAME = AccentColor;
				CODE_SIGN_STYLE = Automatic;
				CURRENT_PROJECT_VERSION = 1;
				DEVELOPMENT_ASSET_PATHS = "\"Quirky Compliments Make Me Happy!!!/Preview Content\"";
				ENABLE_PREVIEWS = YES;
				GENERATE_INFOPLIST_FILE = YES;
				INFOPLIST_KEY_UIApplicationSceneManifest_Generation = YES;
				INFOPLIST_KEY_UIApplicationSupportsIndirectInputEvents = YES;
				INFOPLIST_KEY_UILaunchScreen_Generation = YES;
				INFOPLIST_KEY_UISupportedInterfaceOrientations_iPad = "UIInterfaceOrientationPortrait UIInterfaceOrientationPortraitUpsideDown UIInterfaceOrientationLandscapeLeft UIInterfaceOrientationLandscapeRight";
				INFOPLIST_KEY_UISupportedInterfaceOrientations_iPhone = "UIInterfaceOrientationPortrait UIInterfaceOrientationLandscapeLeft UIInterfaceOrientationLandscapeRight";
				LD_RUNPATH_SEARCH_PATHS = (
					"$(inherited)",
					"@executable_path/Frameworks",
				);
				MARKETING_VERSION = 1.0;
				PRODUCT_BUNDLE_IDENTIFIER = "com.yunyek.Quirky-Compliments-Make-Me-Happy---";
				PRODUCT_NAME = "$(TARGET_NAME)";
				SWIFT_EMIT_LOC_STRINGS = YES;
				SWIFT_VERSION = 5.0;
				TARGETED_DEVICE_FAMILY = "1,2";
			};
			name = Debug;
		};
		D16E97CB2A46A2FE000D8403 /* Release */ = {
			isa = XCBuildConfiguration;
			buildSettings = {
				ASSETCATALOG_COMPILER_APPICON_NAME = AppIcon;
				ASSETCATALOG_COMPILER_GLOBAL_ACCENT_COLOR_NAME = AccentColor;
				CODE_SIGN_STYLE = Automatic;
				CURRENT_PROJECT_VERSION = 1;
				DEVELOPMENT_ASSET_PATHS = "\"Quirky Compliments Make Me Happy!!!/Preview Content\"";
				ENABLE_PREVIEWS = YES;
				GENERATE_INFOPLIST_FILE = YES;
				INFOPLIST_KEY_UIApplicationSceneManifest_Generation = YES;
				INFOPLIST_KEY_UIApplicationSupportsIndirectInputEvents = YES;
				INFOPLIST_KEY_UILaunchScreen_Generation = YES;
				INFOPLIST_KEY_UISupportedInterfaceOrientations_iPad = "UIInterfaceOrientationPortrait UIInterfaceOrientationPortraitUpsideDown UIInterfaceOrientationLandscapeLeft UIInterfaceOrientationLandscapeRight";
				INFOPLIST_KEY_UISupportedInterfaceOrientations_iPhone = "UIInterfaceOrientationPortrait UIInterfaceOrientationLandscapeLeft UIInterfaceOrientationLandscapeRight";
				LD_RUNPATH_SEARCH_PATHS = (
					"$(inherited)",
					"@executable_path/Frameworks",
				);
				MARKETING_VERSION = 1.0;
				PRODUCT_BUNDLE_IDENTIFIER = "com.yunyek.Quirky-Compliments-Make-Me-Happy---";
				PRODUCT_NAME = "$(TARGET_NAME)";
				SWIFT_EMIT_LOC_STRINGS = YES;
				SWIFT_VERSION = 5.0;
				TARGETED_DEVICE_FAMILY = "1,2";
			};
			name = Release;
		};
		D16E97CD2A46A2FE000D8403 /* Debug */ = {
			isa = XCBuildConfiguration;
			buildSettings = {
				ALWAYS_EMBED_SWIFT_STANDARD_LIBRARIES = YES;
				BUNDLE_LOADER = "$(TEST_HOST)";
				CODE_SIGN_STYLE = Automatic;
				CURRENT_PROJECT_VERSION = 1;
				GENERATE_INFOPLIST_FILE = YES;
				IPHONEOS_DEPLOYMENT_TARGET = 16.2;
				MARKETING_VERSION = 1.0;
				PRODUCT_BUNDLE_IDENTIFIER = "com.yunyek.Quirky-Compliments-Make-Me-Happy---Tests";
				PRODUCT_NAME = "$(TARGET_NAME)";
				SWIFT_EMIT_LOC_STRINGS = NO;
				SWIFT_VERSION = 5.0;
				TARGETED_DEVICE_FAMILY = "1,2";
				TEST_HOST = "$(BUILT_PRODUCTS_DIR)/Quirky Compliments Make Me Happy!!!.app/$(BUNDLE_EXECUTABLE_FOLDER_PATH)/Quirky Compliments Make Me Happy!!!";
			};
			name = Debug;
		};
		D16E97CE2A46A2FE000D8403 /* Release */ = {
			isa = XCBuildConfiguration;
			buildSettings = {
				ALWAYS_EMBED_SWIFT_STANDARD_LIBRARIES = YES;
				BUNDLE_LOADER = "$(TEST_HOST)";
				CODE_SIGN_STYLE = Automatic;
				CURRENT_PROJECT_VERSION = 1;
				GENERATE_INFOPLIST_FILE = YES;
				IPHONEOS_DEPLOYMENT_TARGET = 16.2;
				MARKETING_VERSION = 1.0;
				PRODUCT_BUNDLE_IDENTIFIER = "com.yunyek.Quirky-Compliments-Make-Me-Happy---Tests";
				PRODUCT_NAME = "$(TARGET_NAME)";
				SWIFT_EMIT_LOC_STRINGS = NO;
				SWIFT_VERSION = 5.0;
				TARGETED_DEVICE_FAMILY = "1,2";
				TEST_HOST = "$(BUILT_PRODUCTS_DIR)/Quirky Compliments Make Me Happy!!!.app/$(BUNDLE_EXECUTABLE_FOLDER_PATH)/Quirky Compliments Make Me Happy!!!";
			};
			name = Release;
		};
		D16E97D02A46A2FE000D8403 /* Debug */ = {
			isa = XCBuildConfiguration;
			buildSettings = {
				ALWAYS_EMBED_SWIFT_STANDARD_LIBRARIES = YES;
				CODE_SIGN_STYLE = Automatic;
				CURRENT_PROJECT_VERSION = 1;
				GENERATE_INFOPLIST_FILE = YES;
				MARKETING_VERSION = 1.0;
				PRODUCT_BUNDLE_IDENTIFIER = "com.yunyek.Quirky-Compliments-Make-Me-Happy---UITests";
				PRODUCT_NAME = "$(TARGET_NAME)";
				SWIFT_EMIT_LOC_STRINGS = NO;
				SWIFT_VERSION = 5.0;
				TARGETED_DEVICE_FAMILY = "1,2";
				TEST_TARGET_NAME = "Quirky Compliments Make Me Happy!!!";
			};
			name = Debug;
		};
		D16E97D12A46A2FE000D8403 /* Release */ = {
			isa = XCBuildConfiguration;
			buildSettings = {
				ALWAYS_EMBED_SWIFT_STANDARD_LIBRARIES = YES;
				CODE_SIGN_STYLE = Automatic;
				CURRENT_PROJECT_VERSION = 1;
				GENERATE_INFOPLIST_FILE = YES;
				MARKETING_VERSION = 1.0;
				PRODUCT_BUNDLE_IDENTIFIER = "com.yunyek.Quirky-Compliments-Make-Me-Happy---UITests";
				PRODUCT_NAME = "$(TARGET_NAME)";
				SWIFT_EMIT_LOC_STRINGS = NO;
				SWIFT_VERSION = 5.0;
				TARGETED_DEVICE_FAMILY = "1,2";
				TEST_TARGET_NAME = "Quirky Compliments Make Me Happy!!!";
			};
			name = Release;
		};
/* End XCBuildConfiguration section */

/* Begin XCConfigurationList section */
		D16E97A02A46A2FD000D8403 /* Build configuration list for PBXProject "Quirky Compliments Make Me Happy!!!" */ = {
			isa = XCConfigurationList;
			buildConfigurations = (
				D16E97C72A46A2FE000D8403 /* Debug */,
				D16E97C82A46A2FE000D8403 /* Release */,
			);
			defaultConfigurationIsVisible = 0;
			defaultConfigurationName = Release;
		};
		D16E97C92A46A2FE000D8403 /* Build configuration list for PBXNativeTarget "Quirky Compliments Make Me Happy!!!" */ = {
			isa = XCConfigurationList;
			buildConfigurations = (
				D16E97CA2A46A2FE000D8403 /* Debug */,
				D16E97CB2A46A2FE000D8403 /* Release */,
			);
			defaultConfigurationIsVisible = 0;
			defaultConfigurationName = Release;
		};
		D16E97CC2A46A2FE000D8403 /* Build configuration list for PBXNativeTarget "Quirky Compliments Make Me Happy!!!Tests" */ = {
			isa = XCConfigurationList;
			buildConfigurations = (
				D16E97CD2A46A2FE000D8403 /* Debug */,
				D16E97CE2A46A2FE000D8403 /* Release */,
			);
			defaultConfigurationIsVisible = 0;
			defaultConfigurationName = Release;
		};
		D16E97CF2A46A2FE000D8403 /* Build configuration list for PBXNativeTarget "Quirky Compliments Make Me Happy!!!UITests" */ = {
			isa = XCConfigurationList;
			buildConfigurations = (
				D16E97D02A46A2FE000D8403 /* Debug */,
				D16E97D12A46A2FE000D8403 /* Release */,
			);
			defaultConfigurationIsVisible = 0;
			defaultConfigurationName = Release;
		};
/* End XCConfigurationList section */
	};
	rootObject = D16E979D2A46A2FD000D8403 /* Project object */;
}
